Microsoft Visual Studio Solution File, Format Version 11.00
# Visual Studio 2008

Project("{F4E77860-1AAD-25FC-553E-3C9E2AB7A48C}") = "Keno", "Assembly-CSharp.csproj", "{7AF82925-ADD6-1414-6B84-3669AA62CD62}"
EndProject
Project("{F4E77860-1AAD-25FC-553E-3C9E2AB7A48C}") = "Keno", "Assembly-CSharp-Editor.csproj", "{78077216-9DB1-8FF6-07AA-BAD877200F1F}"
EndProject
Global
	GlobalSection(SolutionConfigurationPlatforms) = preSolution
		Debug|Any CPU = Debug|Any CPU
		Release|Any CPU = Release|Any CPU
	EndGlobalSection
	GlobalSection(ProjectConfigurationPlatforms) = postSolution
		{7AF82925-ADD6-1414-6B84-3669AA62CD62}.Debug|Any CPU.ActiveCfg = Debug|Any CPU
		{7AF82925-ADD6-1414-6B84-3669AA62CD62}.Debug|Any CPU.Build.0 = Debug|Any CPU
		{7AF82925-ADD6-1414-6B84-3669AA62CD62}.Release|Any CPU.ActiveCfg = Release|Any CPU
		{7AF82925-ADD6-1414-6B84-3669AA62CD62}.Release|Any CPU.Build.0 = Release|Any CPU
		{78077216-9DB1-8FF6-07AA-BAD877200F1F}.Debug|Any CPU.ActiveCfg = Debug|Any CPU
		{78077216-9DB1-8FF6-07AA-BAD877200F1F}.Debug|Any CPU.Build.0 = Debug|Any CPU
		{78077216-9DB1-8FF6-07AA-BAD877200F1F}.Release|Any CPU.ActiveCfg = Release|Any CPU
		{78077216-9DB1-8FF6-07AA-BAD877200F1F}.Release|Any CPU.Build.0 = Release|Any CPU
	EndGlobalSection
	GlobalSection(SolutionProperties) = preSolution
		HideSolutionNode = FALSE
	EndGlobalSection
	GlobalSection(MonoDevelopProperties) = preSolution
		StartupItem = Assembly-CSharp.csproj
	EndGlobalSection
EndGlobal
